# This file is automatically @generated by Cargo.
# It is not intended for manual editing.
version = 4

[[package]]
name = "five8_const"
version = "0.1.4"
source = "registry+https://github.com/rust-lang/crates.io-index"
checksum = "26dec3da8bc3ef08f2c04f61eab298c3ab334523e55f076354d6d6f613799a7b"
dependencies = [
 "five8_core",
]

[[package]]
name = "five8_core"
version = "0.1.2"
source = "registry+https://github.com/rust-lang/crates.io-index"
checksum = "2551bf44bc5f776c15044b9b94153a00198be06743e262afaaa61f11ac7523a5"

[[package]]
name = "litterbox-v2"
version = "0.2.0"
dependencies = [
 "pinocchio 0.9.3",
 "pinocchio-pubkey 0.1.3",
 "pinocchio-system",
 "pinocchio-tkn",
]

[[package]]
name = "pinocchio"
version = "0.4.0"
source = "registry+https://github.com/rust-lang/crates.io-index"
checksum = "4205e6f0d6f9155ece9e9cff154192a8e36c2c987ce3143f50b5fbea46e7d2fa"

[[package]]
name = "pinocchio"
version = "0.5.0"
source = "registry+https://github.com/rust-lang/crates.io-index"
checksum = "3be4a14e72d9098d35310de70667d5af8d7fc249ab8e26c54725f955c2dbd074"

[[package]]
name = "pinocchio"
version = "0.8.4"
source = "registry+https://github.com/rust-lang/crates.io-index"
checksum = "7c33b58567c11b07749cefbb8320ac023f3387c57807aeb8e3b1262501b6e9f0"

[[package]]
name = "pinocchio"
version = "0.9.3"
source = "registry+https://github.com/rust-lang/crates.io-index"
checksum = "b8afe4f39c0e25cc471b35b89963312791a5162d45a86578cbeaad9e5e7d1b3b"

[[package]]
name = "pinocchio-pubkey"
version = "0.1.3"
source = "registry+https://github.com/rust-lang/crates.io-index"
checksum = "a2826006b44e26d8db9cf1f9ead4e43f01a36fa5f59d032cf9fdb5d118356249"
dependencies = [
 "five8_const",
 "pinocchio 0.4.0",
]

[[package]]
name = "pinocchio-pubkey"
version = "0.2.4"
source = "registry+https://github.com/rust-lang/crates.io-index"
checksum = "0c6b20fcebc172c3cd3f54114b0241b48fa8e30893ced2eb4927aaba5e3a0ba5"
dependencies = [
 "five8_const",
 "pinocchio 0.8.4",
]

[[package]]
name = "pinocchio-pubkey"
version = "0.3.0"
source = "registry+https://github.com/rust-lang/crates.io-index"
checksum = "cb0225638cadcbebae8932cb7f49cb5da7c15c21beb19f048f05a5ca7d93f065"
dependencies = [
 "five8_const",
 "pinocchio 0.9.3",
 "sha2-const-stable",
]

[[package]]
name = "pinocchio-system"
version = "0.1.3"
source = "registry+https://github.com/rust-lang/crates.io-index"
checksum = "e22e8356e1dbbb7cf2f975e0e0001db1cef2b394b9afffed65a7efb5d420d994"
dependencies = [
 "pinocchio 0.5.0",
 "pinocchio-pubkey 0.2.4",
]

[[package]]
name = "pinocchio-tkn"
version = "0.2.2"
source = "registry+https://github.com/rust-lang/crates.io-index"
checksum = "f54c7abc4cd9fa3a1247a2a1792f783b2bbc70f25ccd056e826d1c0076e68560"
dependencies = [
 "pinocchio 0.9.3",
 "pinocchio-pubkey 0.3.0",
]

[[package]]
name = "sha2-const-stable"
version = "0.1.0"
source = "registry+https://github.com/rust-lang/crates.io-index"
checksum = "5f179d4e11094a893b82fff208f74d448a7512f99f5a0acbd5c679b705f83ed9"
