# This file is automatically @generated by Cargo.
# It is not intended for manual editing.
version = 4

[[package]]
name = "five8_const"
version = "0.1.4"
source = "registry+https://github.com/rust-lang/crates.io-index"
checksum = "26dec3da8bc3ef08f2c04f61eab298c3ab334523e55f076354d6d6f613799a7b"
dependencies = [
 "five8_core",
]

[[package]]
name = "five8_core"
version = "0.1.2"
source = "registry+https://github.com/rust-lang/crates.io-index"
checksum = "2551bf44bc5f776c15044b9b94153a00198be06743e262afaaa61f11ac7523a5"

[[package]]
name = "litterbox-v2"
version = "0.2.0"
dependencies = [
 "pinocchio",
 "pinocchio-pubkey",
 "pinocchio-system",
 "pinocchio-tkn",
]

[[package]]
name = "pinocchio"
version = "0.9.3"
source = "registry+https://github.com/rust-lang/crates.io-index"
checksum = "b8afe4f39c0e25cc471b35b89963312791a5162d45a86578cbeaad9e5e7d1b3b"

[[package]]
name = "pinocchio-pubkey"
version = "0.3.0"
source = "registry+https://github.com/rust-lang/crates.io-index"
checksum = "cb0225638cadcbebae8932cb7f49cb5da7c15c21beb19f048f05a5ca7d93f065"
dependencies = [
 "five8_const",
 "pinocchio",
 "sha2-const-stable",
]

[[package]]
name = "pinocchio-system"
version = "0.4.0"
source = "registry+https://github.com/rust-lang/crates.io-index"
checksum = "4be2a6dad40b5e75d1486f021619c4bd504c34c1362c9b94ed7fa525b1cc63cc"
dependencies = [
 "pinocchio",
 "pinocchio-pubkey",
]

[[package]]
name = "pinocchio-tkn"
version = "0.2.2"
source = "registry+https://github.com/rust-lang/crates.io-index"
checksum = "f54c7abc4cd9fa3a1247a2a1792f783b2bbc70f25ccd056e826d1c0076e68560"
dependencies = [
 "pinocchio",
 "pinocchio-pubkey",
]

[[package]]
name = "sha2-const-stable"
version = "0.1.0"
source = "registry+https://github.com/rust-lang/crates.io-index"
checksum = "5f179d4e11094a893b82fff208f74d448a7512f99f5a0acbd5c679b705f83ed9"
